
Microsoft Visual Studio Solution File, Format Version 12.00
# Visual Studio Version 17
VisualStudioVersion = 17.14.36616.10 d17.14
MinimumVisualStudioVersion = 10.0.40219.1
Project("{FAE04EC0-301F-11D3-BF4B-00C04F79EFBC}") = "Sneemy.API", "backend\Sneemy.API.csproj", "{5414ECB0-9FF8-4C9F-A7DC-351A1E399A3D}"
EndProject
Global
	GlobalSection(SolutionConfigurationPlatforms) = preSolution
		Debug|Any CPU = Debug|Any CPU
		Release|Any CPU = Release|Any CPU
	EndGlobalSection
	GlobalSection(ProjectConfigurationPlatforms) = postSolution
		{5414ECB0-9FF8-4C9F-A7DC-351A1E399A3D}.Debug|Any CPU.ActiveCfg = Debug|Any CPU
		{5414ECB0-9FF8-4C9F-A7DC-351A1E399A3D}.Debug|Any CPU.Build.0 = Debug|Any CPU
		{5414ECB0-9FF8-4C9F-A7DC-351A1E399A3D}.Release|Any CPU.ActiveCfg = Release|Any CPU
		{5414ECB0-9FF8-4C9F-A7DC-351A1E399A3D}.Release|Any CPU.Build.0 = Release|Any CPU
	EndGlobalSection
	GlobalSection(SolutionProperties) = preSolution
		HideSolutionNode = FALSE
	EndGlobalSection
	GlobalSection(ExtensibilityGlobals) = postSolution
		SolutionGuid = {F51194C0-F539-4AC9-83B6-B84CC98584E5}
	EndGlobalSection
EndGlobal
